// !$*UTF8*$!
{
	archiveVersion = 1;
	classes = {
	};
	objectVersion = 46;
	objects = {

/* Begin PBXBuildFile section */
		155E899A1D2B7C0300AE03B8 /* AppDelegate.swift in Sources */ = {isa = PBXBuildFile; fileRef = 155E89991D2B7C0300AE03B8 /* AppDelegate.swift */; };
		155E899C1D2B7C0300AE03B8 /* ViewController.swift in Sources */ = {isa = PBXBuildFile; fileRef = 155E899B1D2B7C0300AE03B8 /* ViewController.swift */; };
		155E899F1D2B7C0300AE03B8 /* Main.storyboard in Resources */ = {isa = PBXBuildFile; fileRef = 155E899D1D2B7C0300AE03B8 /* Main.storyboard */; };
		155E89A11D2B7C0300AE03B8 /* Assets.xcassets in Resources */ = {isa = PBXBuildFile; fileRef = 155E89A01D2B7C0300AE03B8 /* Assets.xcassets */; };
		155E89A41D2B7C0300AE03B8 /* LaunchScreen.storyboard in Resources */ = {isa = PBXBuildFile; fileRef = 155E89A21D2B7C0300AE03B8 /* LaunchScreen.storyboard */; };
/* End PBXBuildFile section */

/* Begin PBXFileReference section */
		155E89961D2B7C0300AE03B8 /* UI-Testing.app */ = {isa = PBXFileReference; explicitFileType = wrapper.application; includeInIndex = 0; path = "UI-Testing.app"; sourceTree = BUILT_PRODUCTS_DIR; };
		155E89991D2B7C0300AE03B8 /* AppDelegate.swift */ = {isa = PBXFileReference; lastKnownFileType = sourcecode.swift; path = AppDelegate.swift; sourceTree = "<group>"; };
		155E899B1D2B7C0300AE03B8 /* ViewController.swift */ = {isa = PBXFileReference; lastKnownFileType = sourcecode.swift; path = ViewController.swift; sourceTree = "<group>"; };
		155E899E1D2B7C0300AE03B8 /* Base */ = {isa = PBXFileReference; lastKnownFileType = file.storyboard; name = Base; path = Base.lproj/Main.storyboard; sourceTree = "<group>"; };
		155E89A01D2B7C0300AE03B8 /* Assets.xcassets */ = {isa = PBXFileReference; lastKnownFileType = folder.assetcatalog; path = Assets.xcassets; sourceTree = "<group>"; };
		155E89A31D2B7C0300AE03B8 /* Base */ = {isa = PBXFileReference; lastKnownFileType = file.storyboard; name = Base; path = Base.lproj/LaunchScreen.storyboard; sourceTree = "<group>"; };
		155E89A51D2B7C0300AE03B8 /* Info.plist */ = {isa = PBXFileReference; lastKnownFileType = text.plist.xml; path = Info.plist; sourceTree = "<group>"; };
/* End PBXFileReference section */

/* Begin PBXFrameworksBuildPhase section */
		155E89931D2B7C0300AE03B8 /* Frameworks */ = {
			isa = PBXFrameworksBuildPhase;
			buildActionMask = 2147483647;
			files = (
			);
			runOnlyForDeploymentPostprocessing = 0;
		};
/* End PBXFrameworksBuildPhase section */

/* Begin PBXGroup section */
		155E898D1D2B7C0300AE03B8 = {
			isa = PBXGroup;
			children = (
				155E89981D2B7C0300AE03B8 /* UI-Testing */,
				155E89971D2B7C0300AE03B8 /* Products */,
			);
			sourceTree = "<group>";
		};
		155E89971D2B7C0300AE03B8 /* Products */ = {
			isa = PBXGroup;
			children = (
				155E89961D2B7C0300AE03B8 /* UI-Testing.app */,
			);
			name = Products;
			sourceTree = "<group>";
		};
		155E89981D2B7C0300AE03B8 /* UI-Testing */ = {
			isa = PBXGroup;
			children = (
				155E89991D2B7C0300AE03B8 /* AppDelegate.swift */,
				155E899B1D2B7C0300AE03B8 /* ViewController.swift */,
				155E899D1D2B7C0300AE03B8 /* Main.storyboard */,
				155E89A01D2B7C0300AE03B8 /* Assets.xcassets */,
				155E89A21D2B7C0300AE03B8 /* LaunchScreen.storyboard */,
				155E89A51D2B7C0300AE03B8 /* Info.plist */,
			);
			path = "UI-Testing";
			sourceTree = "<group>";
		};
/* End PBXGroup section */

/* Begin PBXNativeTarget section */
		155E89951D2B7C0300AE03B8 /* UI-Testing */ = {
			isa = PBXNativeTarget;
			buildConfigurationList = 155E89A81D2B7C0300AE03B8 /* Build configuration list for PBXNativeTarget "UI-Testing" */;
			buildPhases = (
				155E89921D2B7C0300AE03B8 /* Sources */,
				155E89931D2B7C0300AE03B8 /* Frameworks */,
				155E89941D2B7C0300AE03B8 /* Resources */,
			);
			buildRules = (
			);
			dependencies = (
			);
			name = "UI-Testing";
			productName = "UI-Testing";
			productReference = 155E89961D2B7C0300AE03B8 /* UI-Testing.app */;
			productType = "com.apple.product-type.application";
		};
/* End PBXNativeTarget section */

/* Begin PBXProject section */
		155E898E1D2B7C0300AE03B8 /* Project object */ = {
			isa = PBXProject;
			attributes = {
				LastSwiftUpdateCheck = 0730;
				LastUpgradeCheck = 0730;
				ORGANIZATIONNAME = "Sebastian Boldt";
				TargetAttributes = {
					155E89951D2B7C0300AE03B8 = {
						CreatedOnToolsVersion = 7.3.1;
					};
				};
			};
			buildConfigurationList = 155E89911D2B7C0300AE03B8 /* Build configuration list for PBXProject "UI-Testing" */;
			compatibilityVersion = "Xcode 3.2";
			developmentRegion = English;
			hasScannedForEncodings = 0;
			knownRegions = (
				en,
				Base,
			);
			mainGroup = 155E898D1D2B7C0300AE03B8;
			productRefGroup = 155E89971D2B7C0300AE03B8 /* Products */;
			projectDirPath = "";
			projectRoot = "";
			targets = (
				155E89951D2B7C0300AE03B8 /* UI-Testing */,
			);
		};
/* End PBXProject section */

/* Begin PBXResourcesBuildPhase section */
		155E89941D2B7C0300AE03B8 /* Resources */ = {
			isa = PBXResourcesBuildPhase;
			buildActionMask = 2147483647;
			files = (
				155E89A41D2B7C0300AE03B8 /* LaunchScreen.storyboard in Resources */,
				155E89A11D2B7C0300AE03B8 /* Assets.xcassets in Resources */,
				155E899F1D2B7C0300AE03B8 /* Main.storyboard in Resources */,
			);
			runOnlyForDeploymentPostprocessing = 0;
		};
/* End PBXResourcesBuildPhase section */

/* Begin PBXSourcesBuildPhase section */
		155E89921D2B7C0300AE03B8 /* Sources */ = {
			isa = PBXSourcesBuildPhase;
			buildActionMask = 2147483647;
			files = (
				155E899C1D2B7C0300AE03B8 /* ViewController.swift in Sources */,
				155E899A1D2B7C0300AE03B8 /* AppDelegate.swift in Sources */,
			);
			runOnlyForDeploymentPostprocessing = 0;
		};
/* End PBXSourcesBuildPhase section */

/* Begin PBXVariantGroup section */
		155E899D1D2B7C0300AE03B8 /* Main.storyboard */ = {
			isa = PBXVariantGroup;
			children = (
				155E899E1D2B7C0300AE03B8 /* Base */,
			);
			name = Main.storyboard;
			sourceTree = "<group>";
		};
		155E89A21D2B7C0300AE03B8 /* LaunchScreen.storyboard */ = {
			isa = PBXVariantGroup;
			children = (
				155E89A31D2B7C0300AE03B8 /* Base */,
			);
			name = LaunchScreen.storyboard;
			sourceTree = "<group>";
		};
/* End PBXVariantGroup section */

/* Begin XCBuildConfiguration section */
		155E89A61D2B7C0300AE03B8 /* Debug */ = {
			isa = XCBuildConfiguration;
			buildSettings = {
				ALWAYS_SEARCH_USER_PATHS = NO;
				CLANG_ANALYZER_NONNULL = YES;
				CLANG_CXX_LANGUAGE_STANDARD = "gnu++0x";
				CLANG_CXX_LIBRARY = "libc++";
				CLANG_ENABLE_MODULES = YES;
				CLANG_ENABLE_OBJC_ARC = YES;
				CLANG_WARN_BOOL_CONVERSION = YES;
				CLANG_WARN_CONSTANT_CONVERSION = YES;
				CLANG_WARN_DIRECT_OBJC_ISA_USAGE = YES_ERROR;
				CLANG_WARN_EMPTY_BODY = YES;
				CLANG_WARN_ENUM_CONVERSION = YES;
				CLANG_WARN_INT_CONVERSION = YES;
				CLANG_WARN_OBJC_ROOT_CLASS = YES_ERROR;
				CLANG_WARN_UNREACHABLE_CODE = YES;
				CLANG_WARN__DUPLICATE_METHOD_MATCH = YES;
				"CODE_SIGN_IDENTITY[sdk=iphoneos*]" = "iPhone Developer";
				COPY_PHASE_STRIP = NO;
				DEBUG_INFORMATION_FORMAT = dwarf;
				ENABLE_STRICT_OBJC_MSGSEND = YES;
				ENABLE_TESTABILITY = YES;
				GCC_C_LANGUAGE_STANDARD = gnu99;
				GCC_DYNAMIC_NO_PIC = NO;
				GCC_NO_COMMON_BLOCKS = YES;
				GCC_OPTIMIZATION_LEVEL = 0;
				GCC_PREPROCESSOR_DEFINITIONS = (
					"DEBUG=1",
					"$(inherited)",
				);
				GCC_WARN_64_TO_32_BIT_CONVERSION = YES;
				GCC_WARN_ABOUT_RETURN_TYPE = YES_ERROR;
				GCC_WARN_UNDECLARED_SELECTOR = YES;
				GCC_WARN_UNINITIALIZED_AUTOS = YES_AGGRESSIVE;
				GCC_WARN_UNUSED_FUNCTION = YES;
				GCC_WARN_UNUSED_VARIABLE = YES;
				IPHONEOS_DEPLOYMENT_TARGET = 9.3;
				MTL_ENABLE_DEBUG_INFO = YES;
				ONLY_ACTIVE_ARCH = YES;
				SDKROOT = iphoneos;
				SWIFT_OPTIMIZATION_LEVEL = "-Onone";
			};
			name = Debug;
		};
		155E89A71D2B7C0300AE03B8 /* Release */ = {
			isa = XCBuildConfiguration;
			buildSettings = {
				ALWAYS_SEARCH_USER_PATHS = NO;
				CLANG_ANALYZER_NONNULL = YES;
				CLANG_CXX_LANGUAGE_STANDARD = "gnu++0x";
				CLANG_CXX_LIBRARY = "libc++";
				CLANG_ENABLE_MODULES = YES;
				CLANG_ENABLE_OBJC_ARC = YES;
				CLANG_WARN_BOOL_CONVERSION = YES;
				CLANG_WARN_CONSTANT_CONVERSION = YES;
				CLANG_WARN_DIRECT_OBJC_ISA_USAGE = YES_ERROR;
				CLANG_WARN_EMPTY_BODY = YES;
				CLANG_WARN_ENUM_CONVERSION = YES;
				CLANG_WARN_INT_CONVERSION = YES;
				CLANG_WARN_OBJC_ROOT_CLASS = YES_ERROR;
				CLANG_WARN_UNREACHABLE_CODE = YES;
				CLANG_WARN__DUPLICATE_METHOD_MATCH = YES;
				"CODE_SIGN_IDENTITY[sdk=iphoneos*]" = "iPhone Developer";
				COPY_PHASE_STRIP = NO;
				DEBUG_INFORMATION_FORMAT = "dwarf-with-dsym";
				ENABLE_NS_ASSERTIONS = NO;
				ENABLE_STRICT_OBJC_MSGSEND = YES;
				GCC_C_LANGUAGE_STANDARD = gnu99;
				GCC_NO_COMMON_BLOCKS = YES;
				GCC_WARN_64_TO_32_BIT_CONVERSION = YES;
				GCC_WARN_ABOUT_RETURN_TYPE = YES_ERROR;
				GCC_WARN_UNDECLARED_SELECTOR = YES;
				GCC_WARN_UNINITIALIZED_AUTOS = YES_AGGRESSIVE;
				GCC_WARN_UNUSED_FUNCTION = YES;
				GCC_WARN_UNUSED_VARIABLE = YES;
				IPHONEOS_DEPLOYMENT_TARGET = 9.3;
				MTL_ENABLE_DEBUG_INFO = NO;
				SDKROOT = iphoneos;
				VALIDATE_PRODUCT = YES;
			};
			name = Release;
		};
		155E89A91D2B7C0300AE03B8 /* Debug */ = {
			isa = XCBuildConfiguration;
			buildSettings = {
				ASSETCATALOG_COMPILER_APPICON_NAME = AppIcon;
				INFOPLIST_FILE = "UI-Testing/Info.plist";
				LD_RUNPATH_SEARCH_PATHS = "$(inherited) @executable_path/Frameworks";
				PRODUCT_BUNDLE_IDENTIFIER = "com.sebastianboldt.UI-Testing";
				PRODUCT_NAME = "$(TARGET_NAME)";
			};
			name = Debug;
		};
		155E89AA1D2B7C0300AE03B8 /* Release */ = {
			isa = XCBuildConfiguration;
			buildSettings = {
				ASSETCATALOG_COMPILER_APPICON_NAME = AppIcon;
				INFOPLIST_FILE = "UI-Testing/Info.plist";
				LD_RUNPATH_SEARCH_PATHS = "$(inherited) @executable_path/Frameworks";
				PRODUCT_BUNDLE_IDENTIFIER = "com.sebastianboldt.UI-Testing";
				PRODUCT_NAME = "$(TARGET_NAME)";
			};
			name = Release;
		};
/* End XCBuildConfiguration section */

/* Begin XCConfigurationList section */
		155E89911D2B7C0300AE03B8 /* Build configuration list for PBXProject "UI-Testing" */ = {
			isa = XCConfigurationList;
			buildConfigurations = (
				155E89A61D2B7C0300AE03B8 /* Debug */,
				155E89A71D2B7C0300AE03B8 /* Release */,
			);
			defaultConfigurationIsVisible = 0;
			defaultConfigurationName = Release;
		};
		155E89A81D2B7C0300AE03B8 /* Build configuration list for PBXNativeTarget "UI-Testing" */ = {
			isa = XCConfigurationList;
			buildConfigurations = (
				155E89A91D2B7C0300AE03B8 /* Debug */,
				155E89AA1D2B7C0300AE03B8 /* Release */,
			);
			defaultConfigurationIsVisible = 0;
		};
/* End XCConfigurationList section */
	};
	rootObject = 155E898E1D2B7C0300AE03B8 /* Project object */;
}
