// !$*UTF8*$!
{
	archiveVersion = 1;
	classes = {
	};
	objectVersion = 46;
	objects = {

/* Begin PBXBuildFile section */
		9935DBCA1D4B9E540080D87C /* AppDelegate.swift in Sources */ = {isa = PBXBuildFile; fileRef = 9935DBC91D4B9E540080D87C /* AppDelegate.swift */; };
		9935DBCC1D4B9E540080D87C /* ViewController.swift in Sources */ = {isa = PBXBuildFile; fileRef = 9935DBCB1D4B9E540080D87C /* ViewController.swift */; };
		9935DBCF1D4B9E540080D87C /* Main.storyboard in Resources */ = {isa = PBXBuildFile; fileRef = 9935DBCD1D4B9E540080D87C /* Main.storyboard */; };
		9935DBD11D4B9E540080D87C /* Assets.xcassets in Resources */ = {isa = PBXBuildFile; fileRef = 9935DBD01D4B9E540080D87C /* Assets.xcassets */; };
		9935DBD41D4B9E540080D87C /* LaunchScreen.storyboard in Resources */ = {isa = PBXBuildFile; fileRef = 9935DBD21D4B9E540080D87C /* LaunchScreen.storyboard */; };
/* End PBXBuildFile section */

/* Begin PBXFileReference section */
		9935DBC61D4B9E540080D87C /* WWDC2016-ImprovingAppsWithModernBestPractices.app */ = {isa = PBXFileReference; explicitFileType = wrapper.application; includeInIndex = 0; path = "WWDC2016-ImprovingAppsWithModernBestPractices.app"; sourceTree = BUILT_PRODUCTS_DIR; };
		9935DBC91D4B9E540080D87C /* AppDelegate.swift */ = {isa = PBXFileReference; lastKnownFileType = sourcecode.swift; path = AppDelegate.swift; sourceTree = "<group>"; };
		9935DBCB1D4B9E540080D87C /* ViewController.swift */ = {isa = PBXFileReference; lastKnownFileType = sourcecode.swift; path = ViewController.swift; sourceTree = "<group>"; };
		9935DBCE1D4B9E540080D87C /* Base */ = {isa = PBXFileReference; lastKnownFileType = file.storyboard; name = Base; path = Base.lproj/Main.storyboard; sourceTree = "<group>"; };
		9935DBD01D4B9E540080D87C /* Assets.xcassets */ = {isa = PBXFileReference; lastKnownFileType = folder.assetcatalog; path = Assets.xcassets; sourceTree = "<group>"; };
		9935DBD31D4B9E540080D87C /* Base */ = {isa = PBXFileReference; lastKnownFileType = file.storyboard; name = Base; path = Base.lproj/LaunchScreen.storyboard; sourceTree = "<group>"; };
		9935DBD51D4B9E540080D87C /* Info.plist */ = {isa = PBXFileReference; lastKnownFileType = text.plist.xml; path = Info.plist; sourceTree = "<group>"; };
/* End PBXFileReference section */

/* Begin PBXFrameworksBuildPhase section */
		9935DBC31D4B9E540080D87C /* Frameworks */ = {
			isa = PBXFrameworksBuildPhase;
			buildActionMask = 2147483647;
			files = (
			);
			runOnlyForDeploymentPostprocessing = 0;
		};
/* End PBXFrameworksBuildPhase section */

/* Begin PBXGroup section */
		9935DBBD1D4B9E540080D87C = {
			isa = PBXGroup;
			children = (
				9935DBC81D4B9E540080D87C /* WWDC2016-ImprovingAppsWithModernBestPractices */,
				9935DBC71D4B9E540080D87C /* Products */,
			);
			sourceTree = "<group>";
		};
		9935DBC71D4B9E540080D87C /* Products */ = {
			isa = PBXGroup;
			children = (
				9935DBC61D4B9E540080D87C /* WWDC2016-ImprovingAppsWithModernBestPractices.app */,
			);
			name = Products;
			sourceTree = "<group>";
		};
		9935DBC81D4B9E540080D87C /* WWDC2016-ImprovingAppsWithModernBestPractices */ = {
			isa = PBXGroup;
			children = (
				9935DBC91D4B9E540080D87C /* AppDelegate.swift */,
				9935DBCB1D4B9E540080D87C /* ViewController.swift */,
				9935DBCD1D4B9E540080D87C /* Main.storyboard */,
				9935DBD01D4B9E540080D87C /* Assets.xcassets */,
				9935DBD21D4B9E540080D87C /* LaunchScreen.storyboard */,
				9935DBD51D4B9E540080D87C /* Info.plist */,
			);
			path = "WWDC2016-ImprovingAppsWithModernBestPractices";
			sourceTree = "<group>";
		};
/* End PBXGroup section */

/* Begin PBXNativeTarget section */
		9935DBC51D4B9E540080D87C /* WWDC2016-ImprovingAppsWithModernBestPractices */ = {
			isa = PBXNativeTarget;
			buildConfigurationList = 9935DBD81D4B9E540080D87C /* Build configuration list for PBXNativeTarget "WWDC2016-ImprovingAppsWithModernBestPractices" */;
			buildPhases = (
				9935DBC21D4B9E540080D87C /* Sources */,
				9935DBC31D4B9E540080D87C /* Frameworks */,
				9935DBC41D4B9E540080D87C /* Resources */,
			);
			buildRules = (
			);
			dependencies = (
			);
			name = "WWDC2016-ImprovingAppsWithModernBestPractices";
			productName = "WWDC2016-ImprovingAppsWithModernBestPractices";
			productReference = 9935DBC61D4B9E540080D87C /* WWDC2016-ImprovingAppsWithModernBestPractices.app */;
			productType = "com.apple.product-type.application";
		};
/* End PBXNativeTarget section */

/* Begin PBXProject section */
		9935DBBE1D4B9E540080D87C /* Project object */ = {
			isa = PBXProject;
			attributes = {
				LastSwiftUpdateCheck = 0800;
				LastUpgradeCheck = 0800;
				ORGANIZATIONNAME = "Sebastian Boldt";
				TargetAttributes = {
					9935DBC51D4B9E540080D87C = {
						CreatedOnToolsVersion = 8.0;
						DevelopmentTeam = JY9STJR6M4;
						DevelopmentTeamName = "Sebastian Boldt";
						ProvisioningStyle = Automatic;
					};
				};
			};
			buildConfigurationList = 9935DBC11D4B9E540080D87C /* Build configuration list for PBXProject "WWDC2016-ImprovingAppsWithModernBestPractices" */;
			compatibilityVersion = "Xcode 3.2";
			developmentRegion = English;
			hasScannedForEncodings = 0;
			knownRegions = (
				en,
				Base,
			);
			mainGroup = 9935DBBD1D4B9E540080D87C;
			productRefGroup = 9935DBC71D4B9E540080D87C /* Products */;
			projectDirPath = "";
			projectRoot = "";
			targets = (
				9935DBC51D4B9E540080D87C /* WWDC2016-ImprovingAppsWithModernBestPractices */,
			);
		};
/* End PBXProject section */

/* Begin PBXResourcesBuildPhase section */
		9935DBC41D4B9E540080D87C /* Resources */ = {
			isa = PBXResourcesBuildPhase;
			buildActionMask = 2147483647;
			files = (
				9935DBD41D4B9E540080D87C /* LaunchScreen.storyboard in Resources */,
				9935DBD11D4B9E540080D87C /* Assets.xcassets in Resources */,
				9935DBCF1D4B9E540080D87C /* Main.storyboard in Resources */,
			);
			runOnlyForDeploymentPostprocessing = 0;
		};
/* End PBXResourcesBuildPhase section */

/* Begin PBXSourcesBuildPhase section */
		9935DBC21D4B9E540080D87C /* Sources */ = {
			isa = PBXSourcesBuildPhase;
			buildActionMask = 2147483647;
			files = (
				9935DBCC1D4B9E540080D87C /* ViewController.swift in Sources */,
				9935DBCA1D4B9E540080D87C /* AppDelegate.swift in Sources */,
			);
			runOnlyForDeploymentPostprocessing = 0;
		};
/* End PBXSourcesBuildPhase section */

/* Begin PBXVariantGroup section */
		9935DBCD1D4B9E540080D87C /* Main.storyboard */ = {
			isa = PBXVariantGroup;
			children = (
				9935DBCE1D4B9E540080D87C /* Base */,
			);
			name = Main.storyboard;
			sourceTree = "<group>";
		};
		9935DBD21D4B9E540080D87C /* LaunchScreen.storyboard */ = {
			isa = PBXVariantGroup;
			children = (
				9935DBD31D4B9E540080D87C /* Base */,
			);
			name = LaunchScreen.storyboard;
			sourceTree = "<group>";
		};
/* End PBXVariantGroup section */

/* Begin XCBuildConfiguration section */
		9935DBD61D4B9E540080D87C /* Debug */ = {
			isa = XCBuildConfiguration;
			buildSettings = {
				ALWAYS_SEARCH_USER_PATHS = NO;
				CLANG_ANALYZER_NONNULL = YES;
				CLANG_CXX_LANGUAGE_STANDARD = "gnu++0x";
				CLANG_CXX_LIBRARY = "libc++";
				CLANG_ENABLE_MODULES = YES;
				CLANG_ENABLE_OBJC_ARC = YES;
				CLANG_WARN_BOOL_CONVERSION = YES;
				CLANG_WARN_CONSTANT_CONVERSION = YES;
				CLANG_WARN_DIRECT_OBJC_ISA_USAGE = YES_ERROR;
				CLANG_WARN_DOCUMENTATION_COMMENTS = YES;
				CLANG_WARN_EMPTY_BODY = YES;
				CLANG_WARN_ENUM_CONVERSION = YES;
				CLANG_WARN_INT_CONVERSION = YES;
				CLANG_WARN_OBJC_ROOT_CLASS = YES_ERROR;
				CLANG_WARN_UNREACHABLE_CODE = YES;
				CLANG_WARN__DUPLICATE_METHOD_MATCH = YES;
				"CODE_SIGN_IDENTITY[sdk=iphoneos*]" = "iPhone Developer";
				COPY_PHASE_STRIP = NO;
				DEBUG_INFORMATION_FORMAT = dwarf;
				ENABLE_STRICT_OBJC_MSGSEND = YES;
				ENABLE_TESTABILITY = YES;
				GCC_C_LANGUAGE_STANDARD = gnu99;
				GCC_DYNAMIC_NO_PIC = NO;
				GCC_NO_COMMON_BLOCKS = YES;
				GCC_OPTIMIZATION_LEVEL = 0;
				GCC_PREPROCESSOR_DEFINITIONS = (
					"DEBUG=1",
					"$(inherited)",
				);
				GCC_WARN_64_TO_32_BIT_CONVERSION = YES;
				GCC_WARN_ABOUT_RETURN_TYPE = YES_ERROR;
				GCC_WARN_UNDECLARED_SELECTOR = YES;
				GCC_WARN_UNINITIALIZED_AUTOS = YES_AGGRESSIVE;
				GCC_WARN_UNUSED_FUNCTION = YES;
				GCC_WARN_UNUSED_VARIABLE = YES;
				IPHONEOS_DEPLOYMENT_TARGET = 10.0;
				MTL_ENABLE_DEBUG_INFO = YES;
				ONLY_ACTIVE_ARCH = YES;
				SDKROOT = iphoneos;
				SWIFT_ACTIVE_COMPILATION_CONDITIONS = DEBUG;
				SWIFT_OPTIMIZATION_LEVEL = "-Onone";
			};
			name = Debug;
		};
		9935DBD71D4B9E540080D87C /* Release */ = {
			isa = XCBuildConfiguration;
			buildSettings = {
				ALWAYS_SEARCH_USER_PATHS = NO;
				CLANG_ANALYZER_NONNULL = YES;
				CLANG_CXX_LANGUAGE_STANDARD = "gnu++0x";
				CLANG_CXX_LIBRARY = "libc++";
				CLANG_ENABLE_MODULES = YES;
				CLANG_ENABLE_OBJC_ARC = YES;
				CLANG_WARN_BOOL_CONVERSION = YES;
				CLANG_WARN_CONSTANT_CONVERSION = YES;
				CLANG_WARN_DIRECT_OBJC_ISA_USAGE = YES_ERROR;
				CLANG_WARN_DOCUMENTATION_COMMENTS = YES;
				CLANG_WARN_EMPTY_BODY = YES;
				CLANG_WARN_ENUM_CONVERSION = YES;
				CLANG_WARN_INT_CONVERSION = YES;
				CLANG_WARN_OBJC_ROOT_CLASS = YES_ERROR;
				CLANG_WARN_UNREACHABLE_CODE = YES;
				CLANG_WARN__DUPLICATE_METHOD_MATCH = YES;
				"CODE_SIGN_IDENTITY[sdk=iphoneos*]" = "iPhone Developer";
				COPY_PHASE_STRIP = NO;
				DEBUG_INFORMATION_FORMAT = "dwarf-with-dsym";
				ENABLE_NS_ASSERTIONS = NO;
				ENABLE_STRICT_OBJC_MSGSEND = YES;
				GCC_C_LANGUAGE_STANDARD = gnu99;
				GCC_NO_COMMON_BLOCKS = YES;
				GCC_WARN_64_TO_32_BIT_CONVERSION = YES;
				GCC_WARN_ABOUT_RETURN_TYPE = YES_ERROR;
				GCC_WARN_UNDECLARED_SELECTOR = YES;
				GCC_WARN_UNINITIALIZED_AUTOS = YES_AGGRESSIVE;
				GCC_WARN_UNUSED_FUNCTION = YES;
				GCC_WARN_UNUSED_VARIABLE = YES;
				IPHONEOS_DEPLOYMENT_TARGET = 10.0;
				MTL_ENABLE_DEBUG_INFO = NO;
				SDKROOT = iphoneos;
				SWIFT_OPTIMIZATION_LEVEL = "-Owholemodule";
				VALIDATE_PRODUCT = YES;
			};
			name = Release;
		};
		9935DBD91D4B9E540080D87C /* Debug */ = {
			isa = XCBuildConfiguration;
			buildSettings = {
				ASSETCATALOG_COMPILER_APPICON_NAME = AppIcon;
				GCC_TREAT_WARNINGS_AS_ERRORS = YES;
				INFOPLIST_FILE = "WWDC2016-ImprovingAppsWithModernBestPractices/Info.plist";
				LD_RUNPATH_SEARCH_PATHS = "$(inherited) @executable_path/Frameworks";
				PRODUCT_BUNDLE_IDENTIFIER = "com.sebastianboldt.WWDC2016-ImprovingAppsWithModernBestPractices";
				PRODUCT_NAME = "$(TARGET_NAME)";
				SWIFT_VERSION = 3.0;
			};
			name = Debug;
		};
		9935DBDA1D4B9E540080D87C /* Release */ = {
			isa = XCBuildConfiguration;
			buildSettings = {
				ASSETCATALOG_COMPILER_APPICON_NAME = AppIcon;
				GCC_TREAT_WARNINGS_AS_ERRORS = YES;
				INFOPLIST_FILE = "WWDC2016-ImprovingAppsWithModernBestPractices/Info.plist";
				LD_RUNPATH_SEARCH_PATHS = "$(inherited) @executable_path/Frameworks";
				PRODUCT_BUNDLE_IDENTIFIER = "com.sebastianboldt.WWDC2016-ImprovingAppsWithModernBestPractices";
				PRODUCT_NAME = "$(TARGET_NAME)";
				SWIFT_VERSION = 3.0;
			};
			name = Release;
		};
/* End XCBuildConfiguration section */

/* Begin XCConfigurationList section */
		9935DBC11D4B9E540080D87C /* Build configuration list for PBXProject "WWDC2016-ImprovingAppsWithModernBestPractices" */ = {
			isa = XCConfigurationList;
			buildConfigurations = (
				9935DBD61D4B9E540080D87C /* Debug */,
				9935DBD71D4B9E540080D87C /* Release */,
			);
			defaultConfigurationIsVisible = 0;
			defaultConfigurationName = Release;
		};
		9935DBD81D4B9E540080D87C /* Build configuration list for PBXNativeTarget "WWDC2016-ImprovingAppsWithModernBestPractices" */ = {
			isa = XCConfigurationList;
			buildConfigurations = (
				9935DBD91D4B9E540080D87C /* Debug */,
				9935DBDA1D4B9E540080D87C /* Release */,
			);
			defaultConfigurationIsVisible = 0;
		};
/* End XCConfigurationList section */
	};
	rootObject = 9935DBBE1D4B9E540080D87C /* Project object */;
}
