// !$*UTF8*$!
{
	archiveVersion = 1;
	classes = {
	};
	objectVersion = 46;
	objects = {

/* Begin PBXBuildFile section */
		1552C30F1D6042D1006B4296 /* AppDelegate.swift in Sources */ = {isa = PBXBuildFile; fileRef = 1552C30E1D6042D1006B4296 /* AppDelegate.swift */; };
		1552C3111D6042D1006B4296 /* ViewController.swift in Sources */ = {isa = PBXBuildFile; fileRef = 1552C3101D6042D1006B4296 /* ViewController.swift */; };
		1552C3141D6042D1006B4296 /* Main.storyboard in Resources */ = {isa = PBXBuildFile; fileRef = 1552C3121D6042D1006B4296 /* Main.storyboard */; };
		1552C3161D6042D1006B4296 /* Assets.xcassets in Resources */ = {isa = PBXBuildFile; fileRef = 1552C3151D6042D1006B4296 /* Assets.xcassets */; };
		1552C3191D6042D1006B4296 /* LaunchScreen.storyboard in Resources */ = {isa = PBXBuildFile; fileRef = 1552C3171D6042D1006B4296 /* LaunchScreen.storyboard */; };
		1552C3211D60463A006B4296 /* ArcView.swift in Sources */ = {isa = PBXBuildFile; fileRef = 1552C3201D60463A006B4296 /* ArcView.swift */; };
/* End PBXBuildFile section */

/* Begin PBXFileReference section */
		1552C30B1D6042D1006B4296 /* IBDesignable-IBInspectable.app */ = {isa = PBXFileReference; explicitFileType = wrapper.application; includeInIndex = 0; path = "IBDesignable-IBInspectable.app"; sourceTree = BUILT_PRODUCTS_DIR; };
		1552C30E1D6042D1006B4296 /* AppDelegate.swift */ = {isa = PBXFileReference; lastKnownFileType = sourcecode.swift; path = AppDelegate.swift; sourceTree = "<group>"; };
		1552C3101D6042D1006B4296 /* ViewController.swift */ = {isa = PBXFileReference; lastKnownFileType = sourcecode.swift; path = ViewController.swift; sourceTree = "<group>"; };
		1552C3131D6042D1006B4296 /* Base */ = {isa = PBXFileReference; lastKnownFileType = file.storyboard; name = Base; path = Base.lproj/Main.storyboard; sourceTree = "<group>"; };
		1552C3151D6042D1006B4296 /* Assets.xcassets */ = {isa = PBXFileReference; lastKnownFileType = folder.assetcatalog; path = Assets.xcassets; sourceTree = "<group>"; };
		1552C3181D6042D1006B4296 /* Base */ = {isa = PBXFileReference; lastKnownFileType = file.storyboard; name = Base; path = Base.lproj/LaunchScreen.storyboard; sourceTree = "<group>"; };
		1552C31A1D6042D1006B4296 /* Info.plist */ = {isa = PBXFileReference; lastKnownFileType = text.plist.xml; path = Info.plist; sourceTree = "<group>"; };
		1552C3201D60463A006B4296 /* ArcView.swift */ = {isa = PBXFileReference; fileEncoding = 4; lastKnownFileType = sourcecode.swift; path = ArcView.swift; sourceTree = "<group>"; };
/* End PBXFileReference section */

/* Begin PBXFrameworksBuildPhase section */
		1552C3081D6042D1006B4296 /* Frameworks */ = {
			isa = PBXFrameworksBuildPhase;
			buildActionMask = 2147483647;
			files = (
			);
			runOnlyForDeploymentPostprocessing = 0;
		};
/* End PBXFrameworksBuildPhase section */

/* Begin PBXGroup section */
		1552C3021D6042D1006B4296 = {
			isa = PBXGroup;
			children = (
				1552C30D1D6042D1006B4296 /* IBDesignable-IBInspectable */,
				1552C30C1D6042D1006B4296 /* Products */,
			);
			sourceTree = "<group>";
		};
		1552C30C1D6042D1006B4296 /* Products */ = {
			isa = PBXGroup;
			children = (
				1552C30B1D6042D1006B4296 /* IBDesignable-IBInspectable.app */,
			);
			name = Products;
			sourceTree = "<group>";
		};
		1552C30D1D6042D1006B4296 /* IBDesignable-IBInspectable */ = {
			isa = PBXGroup;
			children = (
				1552C30E1D6042D1006B4296 /* AppDelegate.swift */,
				1552C3101D6042D1006B4296 /* ViewController.swift */,
				1552C3201D60463A006B4296 /* ArcView.swift */,
				1552C3121D6042D1006B4296 /* Main.storyboard */,
				1552C3151D6042D1006B4296 /* Assets.xcassets */,
				1552C3171D6042D1006B4296 /* LaunchScreen.storyboard */,
				1552C31A1D6042D1006B4296 /* Info.plist */,
			);
			path = "IBDesignable-IBInspectable";
			sourceTree = "<group>";
		};
/* End PBXGroup section */

/* Begin PBXNativeTarget section */
		1552C30A1D6042D1006B4296 /* IBDesignable-IBInspectable */ = {
			isa = PBXNativeTarget;
			buildConfigurationList = 1552C31D1D6042D1006B4296 /* Build configuration list for PBXNativeTarget "IBDesignable-IBInspectable" */;
			buildPhases = (
				1552C3071D6042D1006B4296 /* Sources */,
				1552C3081D6042D1006B4296 /* Frameworks */,
				1552C3091D6042D1006B4296 /* Resources */,
			);
			buildRules = (
			);
			dependencies = (
			);
			name = "IBDesignable-IBInspectable";
			productName = "IBDesignable-IBInspectable";
			productReference = 1552C30B1D6042D1006B4296 /* IBDesignable-IBInspectable.app */;
			productType = "com.apple.product-type.application";
		};
/* End PBXNativeTarget section */

/* Begin PBXProject section */
		1552C3031D6042D1006B4296 /* Project object */ = {
			isa = PBXProject;
			attributes = {
				LastSwiftUpdateCheck = 0730;
				LastUpgradeCheck = 0730;
				ORGANIZATIONNAME = "Sebastian Boldt";
				TargetAttributes = {
					1552C30A1D6042D1006B4296 = {
						CreatedOnToolsVersion = 7.3.1;
					};
				};
			};
			buildConfigurationList = 1552C3061D6042D1006B4296 /* Build configuration list for PBXProject "IBDesignable-IBInspectable" */;
			compatibilityVersion = "Xcode 3.2";
			developmentRegion = English;
			hasScannedForEncodings = 0;
			knownRegions = (
				en,
				Base,
			);
			mainGroup = 1552C3021D6042D1006B4296;
			productRefGroup = 1552C30C1D6042D1006B4296 /* Products */;
			projectDirPath = "";
			projectRoot = "";
			targets = (
				1552C30A1D6042D1006B4296 /* IBDesignable-IBInspectable */,
			);
		};
/* End PBXProject section */

/* Begin PBXResourcesBuildPhase section */
		1552C3091D6042D1006B4296 /* Resources */ = {
			isa = PBXResourcesBuildPhase;
			buildActionMask = 2147483647;
			files = (
				1552C3191D6042D1006B4296 /* LaunchScreen.storyboard in Resources */,
				1552C3161D6042D1006B4296 /* Assets.xcassets in Resources */,
				1552C3141D6042D1006B4296 /* Main.storyboard in Resources */,
			);
			runOnlyForDeploymentPostprocessing = 0;
		};
/* End PBXResourcesBuildPhase section */

/* Begin PBXSourcesBuildPhase section */
		1552C3071D6042D1006B4296 /* Sources */ = {
			isa = PBXSourcesBuildPhase;
			buildActionMask = 2147483647;
			files = (
				1552C3211D60463A006B4296 /* ArcView.swift in Sources */,
				1552C3111D6042D1006B4296 /* ViewController.swift in Sources */,
				1552C30F1D6042D1006B4296 /* AppDelegate.swift in Sources */,
			);
			runOnlyForDeploymentPostprocessing = 0;
		};
/* End PBXSourcesBuildPhase section */

/* Begin PBXVariantGroup section */
		1552C3121D6042D1006B4296 /* Main.storyboard */ = {
			isa = PBXVariantGroup;
			children = (
				1552C3131D6042D1006B4296 /* Base */,
			);
			name = Main.storyboard;
			sourceTree = "<group>";
		};
		1552C3171D6042D1006B4296 /* LaunchScreen.storyboard */ = {
			isa = PBXVariantGroup;
			children = (
				1552C3181D6042D1006B4296 /* Base */,
			);
			name = LaunchScreen.storyboard;
			sourceTree = "<group>";
		};
/* End PBXVariantGroup section */

/* Begin XCBuildConfiguration section */
		1552C31B1D6042D1006B4296 /* Debug */ = {
			isa = XCBuildConfiguration;
			buildSettings = {
				ALWAYS_SEARCH_USER_PATHS = NO;
				CLANG_ANALYZER_NONNULL = YES;
				CLANG_CXX_LANGUAGE_STANDARD = "gnu++0x";
				CLANG_CXX_LIBRARY = "libc++";
				CLANG_ENABLE_MODULES = YES;
				CLANG_ENABLE_OBJC_ARC = YES;
				CLANG_WARN_BOOL_CONVERSION = YES;
				CLANG_WARN_CONSTANT_CONVERSION = YES;
				CLANG_WARN_DIRECT_OBJC_ISA_USAGE = YES_ERROR;
				CLANG_WARN_EMPTY_BODY = YES;
				CLANG_WARN_ENUM_CONVERSION = YES;
				CLANG_WARN_INT_CONVERSION = YES;
				CLANG_WARN_OBJC_ROOT_CLASS = YES_ERROR;
				CLANG_WARN_UNREACHABLE_CODE = YES;
				CLANG_WARN__DUPLICATE_METHOD_MATCH = YES;
				"CODE_SIGN_IDENTITY[sdk=iphoneos*]" = "iPhone Developer";
				COPY_PHASE_STRIP = NO;
				DEBUG_INFORMATION_FORMAT = dwarf;
				ENABLE_STRICT_OBJC_MSGSEND = YES;
				ENABLE_TESTABILITY = YES;
				GCC_C_LANGUAGE_STANDARD = gnu99;
				GCC_DYNAMIC_NO_PIC = NO;
				GCC_NO_COMMON_BLOCKS = YES;
				GCC_OPTIMIZATION_LEVEL = 0;
				GCC_PREPROCESSOR_DEFINITIONS = (
					"DEBUG=1",
					"$(inherited)",
				);
				GCC_WARN_64_TO_32_BIT_CONVERSION = YES;
				GCC_WARN_ABOUT_RETURN_TYPE = YES_ERROR;
				GCC_WARN_UNDECLARED_SELECTOR = YES;
				GCC_WARN_UNINITIALIZED_AUTOS = YES_AGGRESSIVE;
				GCC_WARN_UNUSED_FUNCTION = YES;
				GCC_WARN_UNUSED_VARIABLE = YES;
				IPHONEOS_DEPLOYMENT_TARGET = 9.3;
				MTL_ENABLE_DEBUG_INFO = YES;
				ONLY_ACTIVE_ARCH = YES;
				SDKROOT = iphoneos;
				SWIFT_OPTIMIZATION_LEVEL = "-Onone";
			};
			name = Debug;
		};
		1552C31C1D6042D1006B4296 /* Release */ = {
			isa = XCBuildConfiguration;
			buildSettings = {
				ALWAYS_SEARCH_USER_PATHS = NO;
				CLANG_ANALYZER_NONNULL = YES;
				CLANG_CXX_LANGUAGE_STANDARD = "gnu++0x";
				CLANG_CXX_LIBRARY = "libc++";
				CLANG_ENABLE_MODULES = YES;
				CLANG_ENABLE_OBJC_ARC = YES;
				CLANG_WARN_BOOL_CONVERSION = YES;
				CLANG_WARN_CONSTANT_CONVERSION = YES;
				CLANG_WARN_DIRECT_OBJC_ISA_USAGE = YES_ERROR;
				CLANG_WARN_EMPTY_BODY = YES;
				CLANG_WARN_ENUM_CONVERSION = YES;
				CLANG_WARN_INT_CONVERSION = YES;
				CLANG_WARN_OBJC_ROOT_CLASS = YES_ERROR;
				CLANG_WARN_UNREACHABLE_CODE = YES;
				CLANG_WARN__DUPLICATE_METHOD_MATCH = YES;
				"CODE_SIGN_IDENTITY[sdk=iphoneos*]" = "iPhone Developer";
				COPY_PHASE_STRIP = NO;
				DEBUG_INFORMATION_FORMAT = "dwarf-with-dsym";
				ENABLE_NS_ASSERTIONS = NO;
				ENABLE_STRICT_OBJC_MSGSEND = YES;
				GCC_C_LANGUAGE_STANDARD = gnu99;
				GCC_NO_COMMON_BLOCKS = YES;
				GCC_WARN_64_TO_32_BIT_CONVERSION = YES;
				GCC_WARN_ABOUT_RETURN_TYPE = YES_ERROR;
				GCC_WARN_UNDECLARED_SELECTOR = YES;
				GCC_WARN_UNINITIALIZED_AUTOS = YES_AGGRESSIVE;
				GCC_WARN_UNUSED_FUNCTION = YES;
				GCC_WARN_UNUSED_VARIABLE = YES;
				IPHONEOS_DEPLOYMENT_TARGET = 9.3;
				MTL_ENABLE_DEBUG_INFO = NO;
				SDKROOT = iphoneos;
				VALIDATE_PRODUCT = YES;
			};
			name = Release;
		};
		1552C31E1D6042D1006B4296 /* Debug */ = {
			isa = XCBuildConfiguration;
			buildSettings = {
				ASSETCATALOG_COMPILER_APPICON_NAME = AppIcon;
				INFOPLIST_FILE = "IBDesignable-IBInspectable/Info.plist";
				LD_RUNPATH_SEARCH_PATHS = "$(inherited) @executable_path/Frameworks";
				PRODUCT_BUNDLE_IDENTIFIER = "com.sebastianboldt.IBDesignable-IBInspectable";
				PRODUCT_NAME = "$(TARGET_NAME)";
			};
			name = Debug;
		};
		1552C31F1D6042D1006B4296 /* Release */ = {
			isa = XCBuildConfiguration;
			buildSettings = {
				ASSETCATALOG_COMPILER_APPICON_NAME = AppIcon;
				INFOPLIST_FILE = "IBDesignable-IBInspectable/Info.plist";
				LD_RUNPATH_SEARCH_PATHS = "$(inherited) @executable_path/Frameworks";
				PRODUCT_BUNDLE_IDENTIFIER = "com.sebastianboldt.IBDesignable-IBInspectable";
				PRODUCT_NAME = "$(TARGET_NAME)";
			};
			name = Release;
		};
/* End XCBuildConfiguration section */

/* Begin XCConfigurationList section */
		1552C3061D6042D1006B4296 /* Build configuration list for PBXProject "IBDesignable-IBInspectable" */ = {
			isa = XCConfigurationList;
			buildConfigurations = (
				1552C31B1D6042D1006B4296 /* Debug */,
				1552C31C1D6042D1006B4296 /* Release */,
			);
			defaultConfigurationIsVisible = 0;
			defaultConfigurationName = Release;
		};
		1552C31D1D6042D1006B4296 /* Build configuration list for PBXNativeTarget "IBDesignable-IBInspectable" */ = {
			isa = XCConfigurationList;
			buildConfigurations = (
				1552C31E1D6042D1006B4296 /* Debug */,
				1552C31F1D6042D1006B4296 /* Release */,
			);
			defaultConfigurationIsVisible = 0;
			defaultConfigurationName = Release;
		};
/* End XCConfigurationList section */
	};
	rootObject = 1552C3031D6042D1006B4296 /* Project object */;
}
