// !$*UTF8*$!
{
	archiveVersion = 1;
	classes = {
	};
	objectVersion = 46;
	objects = {

/* Begin PBXBuildFile section */
		155E8B021D2B7EC500AE03B8 /* AppDelegate.swift in Sources */ = {isa = PBXBuildFile; fileRef = 155E8B011D2B7EC500AE03B8 /* AppDelegate.swift */; };
		155E8B041D2B7EC500AE03B8 /* ViewController.swift in Sources */ = {isa = PBXBuildFile; fileRef = 155E8B031D2B7EC500AE03B8 /* ViewController.swift */; };
		155E8B071D2B7EC500AE03B8 /* Main.storyboard in Resources */ = {isa = PBXBuildFile; fileRef = 155E8B051D2B7EC500AE03B8 /* Main.storyboard */; };
		155E8B091D2B7EC500AE03B8 /* Assets.xcassets in Resources */ = {isa = PBXBuildFile; fileRef = 155E8B081D2B7EC500AE03B8 /* Assets.xcassets */; };
		155E8B0C1D2B7EC500AE03B8 /* LaunchScreen.storyboard in Resources */ = {isa = PBXBuildFile; fileRef = 155E8B0A1D2B7EC500AE03B8 /* LaunchScreen.storyboard */; };
/* End PBXBuildFile section */

/* Begin PBXFileReference section */
		155E8AFE1D2B7EC500AE03B8 /* SearchAPI.app */ = {isa = PBXFileReference; explicitFileType = wrapper.application; includeInIndex = 0; path = SearchAPI.app; sourceTree = BUILT_PRODUCTS_DIR; };
		155E8B011D2B7EC500AE03B8 /* AppDelegate.swift */ = {isa = PBXFileReference; lastKnownFileType = sourcecode.swift; path = AppDelegate.swift; sourceTree = "<group>"; };
		155E8B031D2B7EC500AE03B8 /* ViewController.swift */ = {isa = PBXFileReference; lastKnownFileType = sourcecode.swift; path = ViewController.swift; sourceTree = "<group>"; };
		155E8B061D2B7EC500AE03B8 /* Base */ = {isa = PBXFileReference; lastKnownFileType = file.storyboard; name = Base; path = Base.lproj/Main.storyboard; sourceTree = "<group>"; };
		155E8B081D2B7EC500AE03B8 /* Assets.xcassets */ = {isa = PBXFileReference; lastKnownFileType = folder.assetcatalog; path = Assets.xcassets; sourceTree = "<group>"; };
		155E8B0B1D2B7EC500AE03B8 /* Base */ = {isa = PBXFileReference; lastKnownFileType = file.storyboard; name = Base; path = Base.lproj/LaunchScreen.storyboard; sourceTree = "<group>"; };
		155E8B0D1D2B7EC500AE03B8 /* Info.plist */ = {isa = PBXFileReference; lastKnownFileType = text.plist.xml; path = Info.plist; sourceTree = "<group>"; };
/* End PBXFileReference section */

/* Begin PBXFrameworksBuildPhase section */
		155E8AFB1D2B7EC500AE03B8 /* Frameworks */ = {
			isa = PBXFrameworksBuildPhase;
			buildActionMask = 2147483647;
			files = (
			);
			runOnlyForDeploymentPostprocessing = 0;
		};
/* End PBXFrameworksBuildPhase section */

/* Begin PBXGroup section */
		155E8AF51D2B7EC500AE03B8 = {
			isa = PBXGroup;
			children = (
				155E8B001D2B7EC500AE03B8 /* SearchAPI */,
				155E8AFF1D2B7EC500AE03B8 /* Products */,
			);
			sourceTree = "<group>";
		};
		155E8AFF1D2B7EC500AE03B8 /* Products */ = {
			isa = PBXGroup;
			children = (
				155E8AFE1D2B7EC500AE03B8 /* SearchAPI.app */,
			);
			name = Products;
			sourceTree = "<group>";
		};
		155E8B001D2B7EC500AE03B8 /* SearchAPI */ = {
			isa = PBXGroup;
			children = (
				155E8B011D2B7EC500AE03B8 /* AppDelegate.swift */,
				155E8B031D2B7EC500AE03B8 /* ViewController.swift */,
				155E8B051D2B7EC500AE03B8 /* Main.storyboard */,
				155E8B081D2B7EC500AE03B8 /* Assets.xcassets */,
				155E8B0A1D2B7EC500AE03B8 /* LaunchScreen.storyboard */,
				155E8B0D1D2B7EC500AE03B8 /* Info.plist */,
			);
			path = SearchAPI;
			sourceTree = "<group>";
		};
/* End PBXGroup section */

/* Begin PBXNativeTarget section */
		155E8AFD1D2B7EC500AE03B8 /* SearchAPI */ = {
			isa = PBXNativeTarget;
			buildConfigurationList = 155E8B101D2B7EC500AE03B8 /* Build configuration list for PBXNativeTarget "SearchAPI" */;
			buildPhases = (
				155E8AFA1D2B7EC500AE03B8 /* Sources */,
				155E8AFB1D2B7EC500AE03B8 /* Frameworks */,
				155E8AFC1D2B7EC500AE03B8 /* Resources */,
			);
			buildRules = (
			);
			dependencies = (
			);
			name = SearchAPI;
			productName = SearchAPI;
			productReference = 155E8AFE1D2B7EC500AE03B8 /* SearchAPI.app */;
			productType = "com.apple.product-type.application";
		};
/* End PBXNativeTarget section */

/* Begin PBXProject section */
		155E8AF61D2B7EC500AE03B8 /* Project object */ = {
			isa = PBXProject;
			attributes = {
				LastSwiftUpdateCheck = 0730;
				LastUpgradeCheck = 0730;
				ORGANIZATIONNAME = "Sebastian Boldt";
				TargetAttributes = {
					155E8AFD1D2B7EC500AE03B8 = {
						CreatedOnToolsVersion = 7.3.1;
					};
				};
			};
			buildConfigurationList = 155E8AF91D2B7EC500AE03B8 /* Build configuration list for PBXProject "SearchAPI" */;
			compatibilityVersion = "Xcode 3.2";
			developmentRegion = English;
			hasScannedForEncodings = 0;
			knownRegions = (
				en,
				Base,
			);
			mainGroup = 155E8AF51D2B7EC500AE03B8;
			productRefGroup = 155E8AFF1D2B7EC500AE03B8 /* Products */;
			projectDirPath = "";
			projectRoot = "";
			targets = (
				155E8AFD1D2B7EC500AE03B8 /* SearchAPI */,
			);
		};
/* End PBXProject section */

/* Begin PBXResourcesBuildPhase section */
		155E8AFC1D2B7EC500AE03B8 /* Resources */ = {
			isa = PBXResourcesBuildPhase;
			buildActionMask = 2147483647;
			files = (
				155E8B0C1D2B7EC500AE03B8 /* LaunchScreen.storyboard in Resources */,
				155E8B091D2B7EC500AE03B8 /* Assets.xcassets in Resources */,
				155E8B071D2B7EC500AE03B8 /* Main.storyboard in Resources */,
			);
			runOnlyForDeploymentPostprocessing = 0;
		};
/* End PBXResourcesBuildPhase section */

/* Begin PBXSourcesBuildPhase section */
		155E8AFA1D2B7EC500AE03B8 /* Sources */ = {
			isa = PBXSourcesBuildPhase;
			buildActionMask = 2147483647;
			files = (
				155E8B041D2B7EC500AE03B8 /* ViewController.swift in Sources */,
				155E8B021D2B7EC500AE03B8 /* AppDelegate.swift in Sources */,
			);
			runOnlyForDeploymentPostprocessing = 0;
		};
/* End PBXSourcesBuildPhase section */

/* Begin PBXVariantGroup section */
		155E8B051D2B7EC500AE03B8 /* Main.storyboard */ = {
			isa = PBXVariantGroup;
			children = (
				155E8B061D2B7EC500AE03B8 /* Base */,
			);
			name = Main.storyboard;
			sourceTree = "<group>";
		};
		155E8B0A1D2B7EC500AE03B8 /* LaunchScreen.storyboard */ = {
			isa = PBXVariantGroup;
			children = (
				155E8B0B1D2B7EC500AE03B8 /* Base */,
			);
			name = LaunchScreen.storyboard;
			sourceTree = "<group>";
		};
/* End PBXVariantGroup section */

/* Begin XCBuildConfiguration section */
		155E8B0E1D2B7EC500AE03B8 /* Debug */ = {
			isa = XCBuildConfiguration;
			buildSettings = {
				ALWAYS_SEARCH_USER_PATHS = NO;
				CLANG_ANALYZER_NONNULL = YES;
				CLANG_CXX_LANGUAGE_STANDARD = "gnu++0x";
				CLANG_CXX_LIBRARY = "libc++";
				CLANG_ENABLE_MODULES = YES;
				CLANG_ENABLE_OBJC_ARC = YES;
				CLANG_WARN_BOOL_CONVERSION = YES;
				CLANG_WARN_CONSTANT_CONVERSION = YES;
				CLANG_WARN_DIRECT_OBJC_ISA_USAGE = YES_ERROR;
				CLANG_WARN_EMPTY_BODY = YES;
				CLANG_WARN_ENUM_CONVERSION = YES;
				CLANG_WARN_INT_CONVERSION = YES;
				CLANG_WARN_OBJC_ROOT_CLASS = YES_ERROR;
				CLANG_WARN_UNREACHABLE_CODE = YES;
				CLANG_WARN__DUPLICATE_METHOD_MATCH = YES;
				"CODE_SIGN_IDENTITY[sdk=iphoneos*]" = "iPhone Developer";
				COPY_PHASE_STRIP = NO;
				DEBUG_INFORMATION_FORMAT = dwarf;
				ENABLE_STRICT_OBJC_MSGSEND = YES;
				ENABLE_TESTABILITY = YES;
				GCC_C_LANGUAGE_STANDARD = gnu99;
				GCC_DYNAMIC_NO_PIC = NO;
				GCC_NO_COMMON_BLOCKS = YES;
				GCC_OPTIMIZATION_LEVEL = 0;
				GCC_PREPROCESSOR_DEFINITIONS = (
					"DEBUG=1",
					"$(inherited)",
				);
				GCC_WARN_64_TO_32_BIT_CONVERSION = YES;
				GCC_WARN_ABOUT_RETURN_TYPE = YES_ERROR;
				GCC_WARN_UNDECLARED_SELECTOR = YES;
				GCC_WARN_UNINITIALIZED_AUTOS = YES_AGGRESSIVE;
				GCC_WARN_UNUSED_FUNCTION = YES;
				GCC_WARN_UNUSED_VARIABLE = YES;
				IPHONEOS_DEPLOYMENT_TARGET = 9.3;
				MTL_ENABLE_DEBUG_INFO = YES;
				ONLY_ACTIVE_ARCH = YES;
				SDKROOT = iphoneos;
				SWIFT_OPTIMIZATION_LEVEL = "-Onone";
			};
			name = Debug;
		};
		155E8B0F1D2B7EC500AE03B8 /* Release */ = {
			isa = XCBuildConfiguration;
			buildSettings = {
				ALWAYS_SEARCH_USER_PATHS = NO;
				CLANG_ANALYZER_NONNULL = YES;
				CLANG_CXX_LANGUAGE_STANDARD = "gnu++0x";
				CLANG_CXX_LIBRARY = "libc++";
				CLANG_ENABLE_MODULES = YES;
				CLANG_ENABLE_OBJC_ARC = YES;
				CLANG_WARN_BOOL_CONVERSION = YES;
				CLANG_WARN_CONSTANT_CONVERSION = YES;
				CLANG_WARN_DIRECT_OBJC_ISA_USAGE = YES_ERROR;
				CLANG_WARN_EMPTY_BODY = YES;
				CLANG_WARN_ENUM_CONVERSION = YES;
				CLANG_WARN_INT_CONVERSION = YES;
				CLANG_WARN_OBJC_ROOT_CLASS = YES_ERROR;
				CLANG_WARN_UNREACHABLE_CODE = YES;
				CLANG_WARN__DUPLICATE_METHOD_MATCH = YES;
				"CODE_SIGN_IDENTITY[sdk=iphoneos*]" = "iPhone Developer";
				COPY_PHASE_STRIP = NO;
				DEBUG_INFORMATION_FORMAT = "dwarf-with-dsym";
				ENABLE_NS_ASSERTIONS = NO;
				ENABLE_STRICT_OBJC_MSGSEND = YES;
				GCC_C_LANGUAGE_STANDARD = gnu99;
				GCC_NO_COMMON_BLOCKS = YES;
				GCC_WARN_64_TO_32_BIT_CONVERSION = YES;
				GCC_WARN_ABOUT_RETURN_TYPE = YES_ERROR;
				GCC_WARN_UNDECLARED_SELECTOR = YES;
				GCC_WARN_UNINITIALIZED_AUTOS = YES_AGGRESSIVE;
				GCC_WARN_UNUSED_FUNCTION = YES;
				GCC_WARN_UNUSED_VARIABLE = YES;
				IPHONEOS_DEPLOYMENT_TARGET = 9.3;
				MTL_ENABLE_DEBUG_INFO = NO;
				SDKROOT = iphoneos;
				VALIDATE_PRODUCT = YES;
			};
			name = Release;
		};
		155E8B111D2B7EC500AE03B8 /* Debug */ = {
			isa = XCBuildConfiguration;
			buildSettings = {
				ASSETCATALOG_COMPILER_APPICON_NAME = AppIcon;
				INFOPLIST_FILE = SearchAPI/Info.plist;
				LD_RUNPATH_SEARCH_PATHS = "$(inherited) @executable_path/Frameworks";
				PRODUCT_BUNDLE_IDENTIFIER = com.sebastianboldt.SearchAPI;
				PRODUCT_NAME = "$(TARGET_NAME)";
			};
			name = Debug;
		};
		155E8B121D2B7EC500AE03B8 /* Release */ = {
			isa = XCBuildConfiguration;
			buildSettings = {
				ASSETCATALOG_COMPILER_APPICON_NAME = AppIcon;
				INFOPLIST_FILE = SearchAPI/Info.plist;
				LD_RUNPATH_SEARCH_PATHS = "$(inherited) @executable_path/Frameworks";
				PRODUCT_BUNDLE_IDENTIFIER = com.sebastianboldt.SearchAPI;
				PRODUCT_NAME = "$(TARGET_NAME)";
			};
			name = Release;
		};
/* End XCBuildConfiguration section */

/* Begin XCConfigurationList section */
		155E8AF91D2B7EC500AE03B8 /* Build configuration list for PBXProject "SearchAPI" */ = {
			isa = XCConfigurationList;
			buildConfigurations = (
				155E8B0E1D2B7EC500AE03B8 /* Debug */,
				155E8B0F1D2B7EC500AE03B8 /* Release */,
			);
			defaultConfigurationIsVisible = 0;
			defaultConfigurationName = Release;
		};
		155E8B101D2B7EC500AE03B8 /* Build configuration list for PBXNativeTarget "SearchAPI" */ = {
			isa = XCConfigurationList;
			buildConfigurations = (
				155E8B111D2B7EC500AE03B8 /* Debug */,
				155E8B121D2B7EC500AE03B8 /* Release */,
			);
			defaultConfigurationIsVisible = 0;
		};
/* End XCConfigurationList section */
	};
	rootObject = 155E8AF61D2B7EC500AE03B8 /* Project object */;
}
